
Microsoft Visual Studio Solution File, Format Version 12.00
# Visual Studio Version 16
VisualStudioVersion = 16.0.31515.178
MinimumVisualStudioVersion = 10.0.40219.1
Project("{9A19103F-16F7-4668-BE54-9A1E7A4F7556}") = "Statistics", "Statistics\Statistics.csproj", "{8F5F0B67-2505-4CB9-BE4E-579002B71FDB}"
EndProject
Project("{9A19103F-16F7-4668-BE54-9A1E7A4F7556}") = "Services", "Services\Services.csproj", "{D0BD7DF5-93E4-4A8B-9856-87B88CF0379A}"
EndProject
Project("{9A19103F-16F7-4668-BE54-9A1E7A4F7556}") = "DataAccess", "Dal\DataAccess.csproj", "{3862A776-EE00-414C-BF3B-D284107ADB47}"
EndProject
Project("{9A19103F-16F7-4668-BE54-9A1E7A4F7556}") = "TestApp", "TestApp\TestApp.csproj", "{B5A1A86F-076D-48E2-B399-E7308F8CCB8D}"
EndProject
Project("{FAE04EC0-301F-11D3-BF4B-00C04F79EFBC}") = "UnitTests", "UnitTests\UnitTests.csproj", "{EB57A6F9-EBD5-43BB-911F-356591DC7527}"
EndProject
Global
	GlobalSection(SolutionConfigurationPlatforms) = preSolution
		Debug|Any CPU = Debug|Any CPU
		Release|Any CPU = Release|Any CPU
	EndGlobalSection
	GlobalSection(ProjectConfigurationPlatforms) = postSolution
		{8F5F0B67-2505-4CB9-BE4E-579002B71FDB}.Debug|Any CPU.ActiveCfg = Debug|Any CPU
		{8F5F0B67-2505-4CB9-BE4E-579002B71FDB}.Debug|Any CPU.Build.0 = Debug|Any CPU
		{8F5F0B67-2505-4CB9-BE4E-579002B71FDB}.Release|Any CPU.ActiveCfg = Release|Any CPU
		{8F5F0B67-2505-4CB9-BE4E-579002B71FDB}.Release|Any CPU.Build.0 = Release|Any CPU
		{D0BD7DF5-93E4-4A8B-9856-87B88CF0379A}.Debug|Any CPU.ActiveCfg = Debug|Any CPU
		{D0BD7DF5-93E4-4A8B-9856-87B88CF0379A}.Debug|Any CPU.Build.0 = Debug|Any CPU
		{D0BD7DF5-93E4-4A8B-9856-87B88CF0379A}.Release|Any CPU.ActiveCfg = Release|Any CPU
		{D0BD7DF5-93E4-4A8B-9856-87B88CF0379A}.Release|Any CPU.Build.0 = Release|Any CPU
		{3862A776-EE00-414C-BF3B-D284107ADB47}.Debug|Any CPU.ActiveCfg = Debug|Any CPU
		{3862A776-EE00-414C-BF3B-D284107ADB47}.Debug|Any CPU.Build.0 = Debug|Any CPU
		{3862A776-EE00-414C-BF3B-D284107ADB47}.Release|Any CPU.ActiveCfg = Release|Any CPU
		{3862A776-EE00-414C-BF3B-D284107ADB47}.Release|Any CPU.Build.0 = Release|Any CPU
		{B5A1A86F-076D-48E2-B399-E7308F8CCB8D}.Debug|Any CPU.ActiveCfg = Debug|Any CPU
		{B5A1A86F-076D-48E2-B399-E7308F8CCB8D}.Debug|Any CPU.Build.0 = Debug|Any CPU
		{B5A1A86F-076D-48E2-B399-E7308F8CCB8D}.Release|Any CPU.ActiveCfg = Release|Any CPU
		{B5A1A86F-076D-48E2-B399-E7308F8CCB8D}.Release|Any CPU.Build.0 = Release|Any CPU
		{EB57A6F9-EBD5-43BB-911F-356591DC7527}.Debug|Any CPU.ActiveCfg = Debug|Any CPU
		{EB57A6F9-EBD5-43BB-911F-356591DC7527}.Debug|Any CPU.Build.0 = Debug|Any CPU
		{EB57A6F9-EBD5-43BB-911F-356591DC7527}.Release|Any CPU.ActiveCfg = Release|Any CPU
		{EB57A6F9-EBD5-43BB-911F-356591DC7527}.Release|Any CPU.Build.0 = Release|Any CPU
	EndGlobalSection
	GlobalSection(SolutionProperties) = preSolution
		HideSolutionNode = FALSE
	EndGlobalSection
	GlobalSection(ExtensibilityGlobals) = postSolution
		SolutionGuid = {7AF74FA6-2C03-4772-A851-337A94C4A92C}
	EndGlobalSection
EndGlobal
